PODS:
  - Alamofire (5.9.1)
  - Test1 (5.0):
    - Alamofire

DEPENDENCIES:
  - Test1 (from `../`)

SPEC REPOS:
  trunk:
    - Alamofire

EXTERNAL SOURCES:
  Test1:
    :path: "../"

SPEC CHECKSUMS:
  Alamofire: f36a35757af4587d8e4f4bfa223ad10be2422b8c
  Test1: 8069321bec73d1b3c6597b663b8efd7a59faf64f

PODFILE CHECKSUM: b2a0113d2ef5e192fafd05c4437bdc70d5063da0

COCOAPODS: 1.15.2
